
Microsoft Visual Studio Solution File, Format Version 12.00
# Visual Studio Version 17
VisualStudioVersion = 17.0.32126.317
MinimumVisualStudioVersion = 10.0.40219.1
Project("{9A19103F-16F7-4668-BE54-9A1E7A4F7556}") = "Lab_2", "ConsoleApp1\Lab_2.csproj", "{FEA9B660-BF83-493C-84C8-E2718CB4431C}"
EndProject
Global
	GlobalSection(SolutionConfigurationPlatforms) = preSolution
		Debug|Any CPU = Debug|Any CPU
		Release|Any CPU = Release|Any CPU
	EndGlobalSection
	GlobalSection(ProjectConfigurationPlatforms) = postSolution
		{FEA9B660-BF83-493C-84C8-E2718CB4431C}.Debug|Any CPU.ActiveCfg = Debug|Any CPU
		{FEA9B660-BF83-493C-84C8-E2718CB4431C}.Debug|Any CPU.Build.0 = Debug|Any CPU
		{FEA9B660-BF83-493C-84C8-E2718CB4431C}.Release|Any CPU.ActiveCfg = Release|Any CPU
		{FEA9B660-BF83-493C-84C8-E2718CB4431C}.Release|Any CPU.Build.0 = Release|Any CPU
	EndGlobalSection
	GlobalSection(SolutionProperties) = preSolution
		HideSolutionNode = FALSE
	EndGlobalSection
	GlobalSection(ExtensibilityGlobals) = postSolution
		SolutionGuid = {4265A800-FC46-4CB6-8AD4-C864DC4A928B}
	EndGlobalSection
EndGlobal
